// !$*UTF8*$!
{
	archiveVersion = 1;
	classes = {
	};
	objectVersion = 46;
	objects = {

/* Begin PBXBuildFile section */
		2DC8C68B5C5710237C53AD75 /* libPods.a in Frameworks */ = {isa = PBXBuildFile; fileRef = BE1D5DA4D8C310DFC849B618 /* libPods.a */; };
		9BAC18451B88302400D4C7A7 /* main.m in Sources */ = {isa = PBXBuildFile; fileRef = 9BAC18441B88302400D4C7A7 /* main.m */; };
		9BAC18481B88302400D4C7A7 /* AppDelegate.m in Sources */ = {isa = PBXBuildFile; fileRef = 9BAC18471B88302400D4C7A7 /* AppDelegate.m */; };
		9BAC184B1B88302400D4C7A7 /* ViewController.m in Sources */ = {isa = PBXBuildFile; fileRef = 9BAC184A1B88302400D4C7A7 /* ViewController.m */; };
		9BAC184E1B88302400D4C7A7 /* Main.storyboard in Resources */ = {isa = PBXBuildFile; fileRef = 9BAC184C1B88302400D4C7A7 /* Main.storyboard */; };
		9BAC18501B88302400D4C7A7 /* Images.xcassets in Resources */ = {isa = PBXBuildFile; fileRef = 9BAC184F1B88302400D4C7A7 /* Images.xcassets */; };
		9BAC18531B88302400D4C7A7 /* LaunchScreen.xib in Resources */ = {isa = PBXBuildFile; fileRef = 9BAC18511B88302400D4C7A7 /* LaunchScreen.xib */; };
		9BAC185F1B88302400D4C7A7 /* UCTests.m in Sources */ = {isa = PBXBuildFile; fileRef = 9BAC185E1B88302400D4C7A7 /* UCTests.m */; };
/* End PBXBuildFile section */

/* Begin PBXContainerItemProxy section */
		9BAC18591B88302400D4C7A7 /* PBXContainerItemProxy */ = {
			isa = PBXContainerItemProxy;
			containerPortal = 9BAC18371B88302400D4C7A7 /* Project object */;
			proxyType = 1;
			remoteGlobalIDString = 9BAC183E1B88302400D4C7A7;
			remoteInfo = UC;
		};
/* End PBXContainerItemProxy section */

/* Begin PBXFileReference section */
		13E940CFD9784D363010E84E /* Pods.release.xcconfig */ = {isa = PBXFileReference; includeInIndex = 1; lastKnownFileType = text.xcconfig; name = Pods.release.xcconfig; path = "Pods/Target Support Files/Pods/Pods.release.xcconfig"; sourceTree = "<group>"; };
		9BAC183F1B88302400D4C7A7 /* UC.app */ = {isa = PBXFileReference; explicitFileType = wrapper.application; includeInIndex = 0; path = UC.app; sourceTree = BUILT_PRODUCTS_DIR; };
		9BAC18431B88302400D4C7A7 /* Info.plist */ = {isa = PBXFileReference; lastKnownFileType = text.plist.xml; path = Info.plist; sourceTree = "<group>"; };
		9BAC18441B88302400D4C7A7 /* main.m */ = {isa = PBXFileReference; lastKnownFileType = sourcecode.c.objc; path = main.m; sourceTree = "<group>"; };
		9BAC18461B88302400D4C7A7 /* AppDelegate.h */ = {isa = PBXFileReference; lastKnownFileType = sourcecode.c.h; path = AppDelegate.h; sourceTree = "<group>"; };
		9BAC18471B88302400D4C7A7 /* AppDelegate.m */ = {isa = PBXFileReference; lastKnownFileType = sourcecode.c.objc; path = AppDelegate.m; sourceTree = "<group>"; };
		9BAC18491B88302400D4C7A7 /* ViewController.h */ = {isa = PBXFileReference; lastKnownFileType = sourcecode.c.h; path = ViewController.h; sourceTree = "<group>"; };
		9BAC184A1B88302400D4C7A7 /* ViewController.m */ = {isa = PBXFileReference; lastKnownFileType = sourcecode.c.objc; path = ViewController.m; sourceTree = "<group>"; };
		9BAC184D1B88302400D4C7A7 /* Base */ = {isa = PBXFileReference; lastKnownFileType = file.storyboard; name = Base; path = Base.lproj/Main.storyboard; sourceTree = "<group>"; };
		9BAC184F1B88302400D4C7A7 /* Images.xcassets */ = {isa = PBXFileReference; lastKnownFileType = folder.assetcatalog; path = Images.xcassets; sourceTree = "<group>"; };
		9BAC18521B88302400D4C7A7 /* Base */ = {isa = PBXFileReference; lastKnownFileType = file.xib; name = Base; path = Base.lproj/LaunchScreen.xib; sourceTree = "<group>"; };
		9BAC18581B88302400D4C7A7 /* UCTests.xctest */ = {isa = PBXFileReference; explicitFileType = wrapper.cfbundle; includeInIndex = 0; path = UCTests.xctest; sourceTree = BUILT_PRODUCTS_DIR; };
		9BAC185D1B88302400D4C7A7 /* Info.plist */ = {isa = PBXFileReference; lastKnownFileType = text.plist.xml; path = Info.plist; sourceTree = "<group>"; };
		9BAC185E1B88302400D4C7A7 /* UCTests.m */ = {isa = PBXFileReference; lastKnownFileType = sourcecode.c.objc; path = UCTests.m; sourceTree = "<group>"; };
		B26DB45AA1B885F5CBCCE2C7 /* Pods.debug.xcconfig */ = {isa = PBXFileReference; includeInIndex = 1; lastKnownFileType = text.xcconfig; name = Pods.debug.xcconfig; path = "Pods/Target Support Files/Pods/Pods.debug.xcconfig"; sourceTree = "<group>"; };
		BE1D5DA4D8C310DFC849B618 /* libPods.a */ = {isa = PBXFileReference; explicitFileType = archive.ar; includeInIndex = 0; path = libPods.a; sourceTree = BUILT_PRODUCTS_DIR; };
/* End PBXFileReference section */

/* Begin PBXFrameworksBuildPhase section */
		9BAC183C1B88302400D4C7A7 /* Frameworks */ = {
			isa = PBXFrameworksBuildPhase;
			buildActionMask = 2147483647;
			files = (
				2DC8C68B5C5710237C53AD75 /* libPods.a in Frameworks */,
			);
			runOnlyForDeploymentPostprocessing = 0;
		};
		9BAC18551B88302400D4C7A7 /* Frameworks */ = {
			isa = PBXFrameworksBuildPhase;
			buildActionMask = 2147483647;
			files = (
			);
			runOnlyForDeploymentPostprocessing = 0;
		};
/* End PBXFrameworksBuildPhase section */

/* Begin PBXGroup section */
		31C417EB50ED9A45F5CB0135 /* Pods */ = {
			isa = PBXGroup;
			children = (
				B26DB45AA1B885F5CBCCE2C7 /* Pods.debug.xcconfig */,
				13E940CFD9784D363010E84E /* Pods.release.xcconfig */,
			);
			name = Pods;
			sourceTree = "<group>";
		};
		9BAC18361B88302400D4C7A7 = {
			isa = PBXGroup;
			children = (
				9BAC18411B88302400D4C7A7 /* UC */,
				9BAC185B1B88302400D4C7A7 /* UCTests */,
				9BAC18401B88302400D4C7A7 /* Products */,
				31C417EB50ED9A45F5CB0135 /* Pods */,
				C75F6CF659C9B526F5651742 /* Frameworks */,
			);
			sourceTree = "<group>";
		};
		9BAC18401B88302400D4C7A7 /* Products */ = {
			isa = PBXGroup;
			children = (
				9BAC183F1B88302400D4C7A7 /* UC.app */,
				9BAC18581B88302400D4C7A7 /* UCTests.xctest */,
			);
			name = Products;
			sourceTree = "<group>";
		};
		9BAC18411B88302400D4C7A7 /* UC */ = {
			isa = PBXGroup;
			children = (
				9BAC18461B88302400D4C7A7 /* AppDelegate.h */,
				9BAC18471B88302400D4C7A7 /* AppDelegate.m */,
				9BAC18491B88302400D4C7A7 /* ViewController.h */,
				9BAC184A1B88302400D4C7A7 /* ViewController.m */,
				9BAC184C1B88302400D4C7A7 /* Main.storyboard */,
				9BAC184F1B88302400D4C7A7 /* Images.xcassets */,
				9BAC18511B88302400D4C7A7 /* LaunchScreen.xib */,
				9BAC18421B88302400D4C7A7 /* Supporting Files */,
			);
			path = UC;
			sourceTree = "<group>";
		};
		9BAC18421B88302400D4C7A7 /* Supporting Files */ = {
			isa = PBXGroup;
			children = (
				9BAC18431B88302400D4C7A7 /* Info.plist */,
				9BAC18441B88302400D4C7A7 /* main.m */,
			);
			name = "Supporting Files";
			sourceTree = "<group>";
		};
		9BAC185B1B88302400D4C7A7 /* UCTests */ = {
			isa = PBXGroup;
			children = (
				9BAC185E1B88302400D4C7A7 /* UCTests.m */,
				9BAC185C1B88302400D4C7A7 /* Supporting Files */,
			);
			path = UCTests;
			sourceTree = "<group>";
		};
		9BAC185C1B88302400D4C7A7 /* Supporting Files */ = {
			isa = PBXGroup;
			children = (
				9BAC185D1B88302400D4C7A7 /* Info.plist */,
			);
			name = "Supporting Files";
			sourceTree = "<group>";
		};
		C75F6CF659C9B526F5651742 /* Frameworks */ = {
			isa = PBXGroup;
			children = (
				BE1D5DA4D8C310DFC849B618 /* libPods.a */,
			);
			name = Frameworks;
			sourceTree = "<group>";
		};
/* End PBXGroup section */

/* Begin PBXNativeTarget section */
		9BAC183E1B88302400D4C7A7 /* UC */ = {
			isa = PBXNativeTarget;
			buildConfigurationList = 9BAC18621B88302400D4C7A7 /* Build configuration list for PBXNativeTarget "UC" */;
			buildPhases = (
				42F89CC06BDBDBE7B0146D97 /* Check Pods Manifest.lock */,
				9BAC183B1B88302400D4C7A7 /* Sources */,
				9BAC183C1B88302400D4C7A7 /* Frameworks */,
				9BAC183D1B88302400D4C7A7 /* Resources */,
				577E95FC5F0111E9B3F39149 /* Copy Pods Resources */,
			);
			buildRules = (
			);
			dependencies = (
			);
			name = UC;
			productName = UC;
			productReference = 9BAC183F1B88302400D4C7A7 /* UC.app */;
			productType = "com.apple.product-type.application";
		};
		9BAC18571B88302400D4C7A7 /* UCTests */ = {
			isa = PBXNativeTarget;
			buildConfigurationList = 9BAC18651B88302400D4C7A7 /* Build configuration list for PBXNativeTarget "UCTests" */;
			buildPhases = (
				9BAC18541B88302400D4C7A7 /* Sources */,
				9BAC18551B88302400D4C7A7 /* Frameworks */,
				9BAC18561B88302400D4C7A7 /* Resources */,
			);
			buildRules = (
			);
			dependencies = (
				9BAC185A1B88302400D4C7A7 /* PBXTargetDependency */,
			);
			name = UCTests;
			productName = UCTests;
			productReference = 9BAC18581B88302400D4C7A7 /* UCTests.xctest */;
			productType = "com.apple.product-type.bundle.unit-test";
		};
/* End PBXNativeTarget section */

/* Begin PBXProject section */
		9BAC18371B88302400D4C7A7 /* Project object */ = {
			isa = PBXProject;
			attributes = {
				LastUpgradeCheck = 0640;
				ORGANIZATIONNAME = "极客栈";
				TargetAttributes = {
					9BAC183E1B88302400D4C7A7 = {
						CreatedOnToolsVersion = 6.4;
					};
					9BAC18571B88302400D4C7A7 = {
						CreatedOnToolsVersion = 6.4;
						TestTargetID = 9BAC183E1B88302400D4C7A7;
					};
				};
			};
			buildConfigurationList = 9BAC183A1B88302400D4C7A7 /* Build configuration list for PBXProject "UC" */;
			compatibilityVersion = "Xcode 3.2";
			developmentRegion = English;
			hasScannedForEncodings = 0;
			knownRegions = (
				en,
				Base,
			);
			mainGroup = 9BAC18361B88302400D4C7A7;
			productRefGroup = 9BAC18401B88302400D4C7A7 /* Products */;
			projectDirPath = "";
			projectRoot = "";
			targets = (
				9BAC183E1B88302400D4C7A7 /* UC */,
				9BAC18571B88302400D4C7A7 /* UCTests */,
			);
		};
/* End PBXProject section */

/* Begin PBXResourcesBuildPhase section */
		9BAC183D1B88302400D4C7A7 /* Resources */ = {
			isa = PBXResourcesBuildPhase;
			buildActionMask = 2147483647;
			files = (
				9BAC184E1B88302400D4C7A7 /* Main.storyboard in Resources */,
				9BAC18531B88302400D4C7A7 /* LaunchScreen.xib in Resources */,
				9BAC18501B88302400D4C7A7 /* Images.xcassets in Resources */,
			);
			runOnlyForDeploymentPostprocessing = 0;
		};
		9BAC18561B88302400D4C7A7 /* Resources */ = {
			isa = PBXResourcesBuildPhase;
			buildActionMask = 2147483647;
			files = (
			);
			runOnlyForDeploymentPostprocessing = 0;
		};
/* End PBXResourcesBuildPhase section */

/* Begin PBXShellScriptBuildPhase section */
		42F89CC06BDBDBE7B0146D97 /* Check Pods Manifest.lock */ = {
			isa = PBXShellScriptBuildPhase;
			buildActionMask = 2147483647;
			files = (
			);
			inputPaths = (
			);
			name = "Check Pods Manifest.lock";
			outputPaths = (
			);
			runOnlyForDeploymentPostprocessing = 0;
			shellPath = /bin/sh;
			shellScript = "diff \"${PODS_ROOT}/../Podfile.lock\" \"${PODS_ROOT}/Manifest.lock\" > /dev/null\nif [[ $? != 0 ]] ; then\n    cat << EOM\nerror: The sandbox is not in sync with the Podfile.lock. Run 'pod install' or update your CocoaPods installation.\nEOM\n    exit 1\nfi\n";
			showEnvVarsInLog = 0;
		};
		577E95FC5F0111E9B3F39149 /* Copy Pods Resources */ = {
			isa = PBXShellScriptBuildPhase;
			buildActionMask = 2147483647;
			files = (
			);
			inputPaths = (
			);
			name = "Copy Pods Resources";
			outputPaths = (
			);
			runOnlyForDeploymentPostprocessing = 0;
			shellPath = /bin/sh;
			shellScript = "\"${SRCROOT}/Pods/Target Support Files/Pods/Pods-resources.sh\"\n";
			showEnvVarsInLog = 0;
		};
/* End PBXShellScriptBuildPhase section */

/* Begin PBXSourcesBuildPhase section */
		9BAC183B1B88302400D4C7A7 /* Sources */ = {
			isa = PBXSourcesBuildPhase;
			buildActionMask = 2147483647;
			files = (
				9BAC184B1B88302400D4C7A7 /* ViewController.m in Sources */,
				9BAC18481B88302400D4C7A7 /* AppDelegate.m in Sources */,
				9BAC18451B88302400D4C7A7 /* main.m in Sources */,
			);
			runOnlyForDeploymentPostprocessing = 0;
		};
		9BAC18541B88302400D4C7A7 /* Sources */ = {
			isa = PBXSourcesBuildPhase;
			buildActionMask = 2147483647;
			files = (
				9BAC185F1B88302400D4C7A7 /* UCTests.m in Sources */,
			);
			runOnlyForDeploymentPostprocessing = 0;
		};
/* End PBXSourcesBuildPhase section */

/* Begin PBXTargetDependency section */
		9BAC185A1B88302400D4C7A7 /* PBXTargetDependency */ = {
			isa = PBXTargetDependency;
			target = 9BAC183E1B88302400D4C7A7 /* UC */;
			targetProxy = 9BAC18591B88302400D4C7A7 /* PBXContainerItemProxy */;
		};
/* End PBXTargetDependency section */

/* Begin PBXVariantGroup section */
		9BAC184C1B88302400D4C7A7 /* Main.storyboard */ = {
			isa = PBXVariantGroup;
			children = (
				9BAC184D1B88302400D4C7A7 /* Base */,
			);
			name = Main.storyboard;
			sourceTree = "<group>";
		};
		9BAC18511B88302400D4C7A7 /* LaunchScreen.xib */ = {
			isa = PBXVariantGroup;
			children = (
				9BAC18521B88302400D4C7A7 /* Base */,
			);
			name = LaunchScreen.xib;
			sourceTree = "<group>";
		};
/* End PBXVariantGroup section */

/* Begin XCBuildConfiguration section */
		9BAC18601B88302400D4C7A7 /* Debug */ = {
			isa = XCBuildConfiguration;
			buildSettings = {
				ALWAYS_SEARCH_USER_PATHS = NO;
				CLANG_CXX_LANGUAGE_STANDARD = "gnu++0x";
				CLANG_CXX_LIBRARY = "libc++";
				CLANG_ENABLE_MODULES = YES;
				CLANG_ENABLE_OBJC_ARC = YES;
				CLANG_WARN_BOOL_CONVERSION = YES;
				CLANG_WARN_CONSTANT_CONVERSION = YES;
				CLANG_WARN_DIRECT_OBJC_ISA_USAGE = YES_ERROR;
				CLANG_WARN_EMPTY_BODY = YES;
				CLANG_WARN_ENUM_CONVERSION = YES;
				CLANG_WARN_INT_CONVERSION = YES;
				CLANG_WARN_OBJC_ROOT_CLASS = YES_ERROR;
				CLANG_WARN_UNREACHABLE_CODE = YES;
				CLANG_WARN__DUPLICATE_METHOD_MATCH = YES;
				"CODE_SIGN_IDENTITY[sdk=iphoneos*]" = "iPhone Developer";
				COPY_PHASE_STRIP = NO;
				DEBUG_INFORMATION_FORMAT = "dwarf-with-dsym";
				ENABLE_STRICT_OBJC_MSGSEND = YES;
				GCC_C_LANGUAGE_STANDARD = gnu99;
				GCC_DYNAMIC_NO_PIC = NO;
				GCC_NO_COMMON_BLOCKS = YES;
				GCC_OPTIMIZATION_LEVEL = 0;
				GCC_PREPROCESSOR_DEFINITIONS = (
					"DEBUG=1",
					"$(inherited)",
				);
				GCC_SYMBOLS_PRIVATE_EXTERN = NO;
				GCC_WARN_64_TO_32_BIT_CONVERSION = YES;
				GCC_WARN_ABOUT_RETURN_TYPE = YES_ERROR;
				GCC_WARN_UNDECLARED_SELECTOR = YES;
				GCC_WARN_UNINITIALIZED_AUTOS = YES_AGGRESSIVE;
				GCC_WARN_UNUSED_FUNCTION = YES;
				GCC_WARN_UNUSED_VARIABLE = YES;
				IPHONEOS_DEPLOYMENT_TARGET = 8.4;
				MTL_ENABLE_DEBUG_INFO = YES;
				ONLY_ACTIVE_ARCH = YES;
				SDKROOT = iphoneos;
			};
			name = Debug;
		};
		9BAC18611B88302400D4C7A7 /* Release */ = {
			isa = XCBuildConfiguration;
			buildSettings = {
				ALWAYS_SEARCH_USER_PATHS = NO;
				CLANG_CXX_LANGUAGE_STANDARD = "gnu++0x";
				CLANG_CXX_LIBRARY = "libc++";
				CLANG_ENABLE_MODULES = YES;
				CLANG_ENABLE_OBJC_ARC = YES;
				CLANG_WARN_BOOL_CONVERSION = YES;
				CLANG_WARN_CONSTANT_CONVERSION = YES;
				CLANG_WARN_DIRECT_OBJC_ISA_USAGE = YES_ERROR;
				CLANG_WARN_EMPTY_BODY = YES;
				CLANG_WARN_ENUM_CONVERSION = YES;
				CLANG_WARN_INT_CONVERSION = YES;
				CLANG_WARN_OBJC_ROOT_CLASS = YES_ERROR;
				CLANG_WARN_UNREACHABLE_CODE = YES;
				CLANG_WARN__DUPLICATE_METHOD_MATCH = YES;
				"CODE_SIGN_IDENTITY[sdk=iphoneos*]" = "iPhone Developer";
				COPY_PHASE_STRIP = NO;
				DEBUG_INFORMATION_FORMAT = "dwarf-with-dsym";
				ENABLE_NS_ASSERTIONS = NO;
				ENABLE_STRICT_OBJC_MSGSEND = YES;
				GCC_C_LANGUAGE_STANDARD = gnu99;
				GCC_NO_COMMON_BLOCKS = YES;
				GCC_WARN_64_TO_32_BIT_CONVERSION = YES;
				GCC_WARN_ABOUT_RETURN_TYPE = YES_ERROR;
				GCC_WARN_UNDECLARED_SELECTOR = YES;
				GCC_WARN_UNINITIALIZED_AUTOS = YES_AGGRESSIVE;
				GCC_WARN_UNUSED_FUNCTION = YES;
				GCC_WARN_UNUSED_VARIABLE = YES;
				IPHONEOS_DEPLOYMENT_TARGET = 8.4;
				MTL_ENABLE_DEBUG_INFO = NO;
				SDKROOT = iphoneos;
				VALIDATE_PRODUCT = YES;
			};
			name = Release;
		};
		9BAC18631B88302400D4C7A7 /* Debug */ = {
			isa = XCBuildConfiguration;
			baseConfigurationReference = B26DB45AA1B885F5CBCCE2C7 /* Pods.debug.xcconfig */;
			buildSettings = {
				ASSETCATALOG_COMPILER_APPICON_NAME = AppIcon;
				INFOPLIST_FILE = UC/Info.plist;
				IPHONEOS_DEPLOYMENT_TARGET = 7.0;
				LD_RUNPATH_SEARCH_PATHS = "$(inherited) @executable_path/Frameworks";
				PRODUCT_NAME = "$(TARGET_NAME)";
				USER_HEADER_SEARCH_PATHS = "$(PODS_ROOT)";
			};
			name = Debug;
		};
		9BAC18641B88302400D4C7A7 /* Release */ = {
			isa = XCBuildConfiguration;
			baseConfigurationReference = 13E940CFD9784D363010E84E /* Pods.release.xcconfig */;
			buildSettings = {
				ASSETCATALOG_COMPILER_APPICON_NAME = AppIcon;
				INFOPLIST_FILE = UC/Info.plist;
				IPHONEOS_DEPLOYMENT_TARGET = 7.0;
				LD_RUNPATH_SEARCH_PATHS = "$(inherited) @executable_path/Frameworks";
				PRODUCT_NAME = "$(TARGET_NAME)";
				USER_HEADER_SEARCH_PATHS = "$(PODS_ROOT)";
			};
			name = Release;
		};
		9BAC18661B88302400D4C7A7 /* Debug */ = {
			isa = XCBuildConfiguration;
			buildSettings = {
				BUNDLE_LOADER = "$(TEST_HOST)";
				FRAMEWORK_SEARCH_PATHS = (
					"$(SDKROOT)/Developer/Library/Frameworks",
					"$(inherited)",
				);
				GCC_PREPROCESSOR_DEFINITIONS = (
					"DEBUG=1",
					"$(inherited)",
				);
				INFOPLIST_FILE = UCTests/Info.plist;
				LD_RUNPATH_SEARCH_PATHS = "$(inherited) @executable_path/Frameworks @loader_path/Frameworks";
				PRODUCT_NAME = "$(TARGET_NAME)";
				TEST_HOST = "$(BUILT_PRODUCTS_DIR)/UC.app/UC";
			};
			name = Debug;
		};
		9BAC18671B88302400D4C7A7 /* Release */ = {
			isa = XCBuildConfiguration;
			buildSettings = {
				BUNDLE_LOADER = "$(TEST_HOST)";
				FRAMEWORK_SEARCH_PATHS = (
					"$(SDKROOT)/Developer/Library/Frameworks",
					"$(inherited)",
				);
				INFOPLIST_FILE = UCTests/Info.plist;
				LD_RUNPATH_SEARCH_PATHS = "$(inherited) @executable_path/Frameworks @loader_path/Frameworks";
				PRODUCT_NAME = "$(TARGET_NAME)";
				TEST_HOST = "$(BUILT_PRODUCTS_DIR)/UC.app/UC";
			};
			name = Release;
		};
/* End XCBuildConfiguration section */

/* Begin XCConfigurationList section */
		9BAC183A1B88302400D4C7A7 /* Build configuration list for PBXProject "UC" */ = {
			isa = XCConfigurationList;
			buildConfigurations = (
				9BAC18601B88302400D4C7A7 /* Debug */,
				9BAC18611B88302400D4C7A7 /* Release */,
			);
			defaultConfigurationIsVisible = 0;
			defaultConfigurationName = Release;
		};
		9BAC18621B88302400D4C7A7 /* Build configuration list for PBXNativeTarget "UC" */ = {
			isa = XCConfigurationList;
			buildConfigurations = (
				9BAC18631B88302400D4C7A7 /* Debug */,
				9BAC18641B88302400D4C7A7 /* Release */,
			);
			defaultConfigurationIsVisible = 0;
			defaultConfigurationName = Release;
		};
		9BAC18651B88302400D4C7A7 /* Build configuration list for PBXNativeTarget "UCTests" */ = {
			isa = XCConfigurationList;
			buildConfigurations = (
				9BAC18661B88302400D4C7A7 /* Debug */,
				9BAC18671B88302400D4C7A7 /* Release */,
			);
			defaultConfigurationIsVisible = 0;
			defaultConfigurationName = Release;
		};
/* End XCConfigurationList section */
	};
	rootObject = 9BAC18371B88302400D4C7A7 /* Project object */;
}
